{
  "name": "lockfile-v1",
  "version": "1.0.0",
  "lockfileVersion": 1,
  "dependencies": {
    "lodash": {
      "version": "4.17.21",
      "dev": false,
      "optional": false,
      "requires": {
        "foo": "^1.0.0"
      },
      "dependencies": {
        "foo": {
          "version": "1.0.0",
          "dev": true,
          "optional": true
        }
      }
    }
  }
}