{
  "name": "lockfile-missing-resolved",
  "version": "1.0.0",
  "lockfileVersion": 3,
  "packages": {
    "": {
      "name": "lockfile-missing-resolved",
      "version": "1.0.0",
      "license": "MIT",
      "repository": "github:user/repo",
      "dependencies": {
        "lodash": "^4.0.0"
      }
    },
    "node_modules/lodash": {
      "version": "4.17.21",
      "integrity": "sha512-lodash-hash"
    }
  }
}