{
  "name": "mismatch-transitive",
  "version": "1.0.0",
  "lockfileVersion": 3,
  "packages": {
    "": {
      "name": "mismatch-transitive",
      "version": "1.0.0",
      "license": "MIT",
      "repository": "github:user/repo"
    },
    "node_modules/lodash": {
      "version": "4.17.21",
      "resolved": "https://registry.npmjs.org/lodash/-/lodash-4.17.21.tgz",
      "integrity": "sha512-lodash-hash",
      "dev": false
    }
  }
}