{
  "name": "lockfile-v2",
  "version": "1.0.0",
  "lockfileVersion": 2,
  "packages": {
    "": {
      "name": "lockfile-v2",
      "version": "1.0.0",
      "license": "MIT",
      "repository": "github:user/repo",
      "dependencies": {
        "lodash": "^4.0.0"
      }
    },
    "node_modules/lodash": {
      "version": "4.17.21",
      "resolved": "https://registry.npmjs.org/lodash/-/lodash-4.17.21.tgz",
      "integrity": "sha512-lodash-hash"
    }
  },
  "dependencies": {
    "lodash": {
      "version": "4.17.21"
    }
  }
}